// !$*UTF8*$!
{
	archiveVersion = 1;
	classes = {
	};
	objectVersion = 50;
	objects = {

/* Begin PBXBuildFile section */
		ACD5D18E22C9D1360066F3E2 /* AppDelegate.swift in Sources */ = {isa = PBXBuildFile; fileRef = ACD5D18D22C9D1360066F3E2 /* AppDelegate.swift */; };
		ACD5D19022C9D1360066F3E2 /* ViewController.swift in Sources */ = {isa = PBXBuildFile; fileRef = ACD5D18F22C9D1360066F3E2 /* ViewController.swift */; };
		ACD5D19322C9D1360066F3E2 /* Main.storyboard in Resources */ = {isa = PBXBuildFile; fileRef = ACD5D19122C9D1360066F3E2 /* Main.storyboard */; };
		ACD5D19522C9D1380066F3E2 /* Assets.xcassets in Resources */ = {isa = PBXBuildFile; fileRef = ACD5D19422C9D1380066F3E2 /* Assets.xcassets */; };
		ACD5D19822C9D1380066F3E2 /* LaunchScreen.storyboard in Resources */ = {isa = PBXBuildFile; fileRef = ACD5D19622C9D1380066F3E2 /* LaunchScreen.storyboard */; };
		ACD5D1A322C9D1380066F3E2 /* firstprojectTests.swift in Sources */ = {isa = PBXBuildFile; fileRef = ACD5D1A222C9D1380066F3E2 /* firstprojectTests.swift */; };
		ACD5D1AE22C9D1380066F3E2 /* firstprojectUITests.swift in Sources */ = {isa = PBXBuildFile; fileRef = ACD5D1AD22C9D1380066F3E2 /* firstprojectUITests.swift */; };
/* End PBXBuildFile section */

/* Begin PBXContainerItemProxy section */
		ACD5D19F22C9D1380066F3E2 /* PBXContainerItemProxy */ = {
			isa = PBXContainerItemProxy;
			containerPortal = ACD5D18222C9D1360066F3E2 /* Project object */;
			proxyType = 1;
			remoteGlobalIDString = ACD5D18922C9D1360066F3E2;
			remoteInfo = firstproject;
		};
		ACD5D1AA22C9D1380066F3E2 /* PBXContainerItemProxy */ = {
			isa = PBXContainerItemProxy;
			containerPortal = ACD5D18222C9D1360066F3E2 /* Project object */;
			proxyType = 1;
			remoteGlobalIDString = ACD5D18922C9D1360066F3E2;
			remoteInfo = firstproject;
		};
/* End PBXContainerItemProxy section */

/* Begin PBXFileReference section */
		ACD5D18A22C9D1360066F3E2 /* firstproject.app */ = {isa = PBXFileReference; explicitFileType = wrapper.application; includeInIndex = 0; path = firstproject.app; sourceTree = BUILT_PRODUCTS_DIR; };
		ACD5D18D22C9D1360066F3E2 /* AppDelegate.swift */ = {isa = PBXFileReference; lastKnownFileType = sourcecode.swift; path = AppDelegate.swift; sourceTree = "<group>"; };
		ACD5D18F22C9D1360066F3E2 /* ViewController.swift */ = {isa = PBXFileReference; lastKnownFileType = sourcecode.swift; path = ViewController.swift; sourceTree = "<group>"; };
		ACD5D19222C9D1360066F3E2 /* Base */ = {isa = PBXFileReference; lastKnownFileType = file.storyboard; name = Base; path = Base.lproj/Main.storyboard; sourceTree = "<group>"; };
		ACD5D19422C9D1380066F3E2 /* Assets.xcassets */ = {isa = PBXFileReference; lastKnownFileType = folder.assetcatalog; path = Assets.xcassets; sourceTree = "<group>"; };
		ACD5D19722C9D1380066F3E2 /* Base */ = {isa = PBXFileReference; lastKnownFileType = file.storyboard; name = Base; path = Base.lproj/LaunchScreen.storyboard; sourceTree = "<group>"; };
		ACD5D19922C9D1380066F3E2 /* Info.plist */ = {isa = PBXFileReference; lastKnownFileType = text.plist.xml; path = Info.plist; sourceTree = "<group>"; };
		ACD5D19E22C9D1380066F3E2 /* firstprojectTests.xctest */ = {isa = PBXFileReference; explicitFileType = wrapper.cfbundle; includeInIndex = 0; path = firstprojectTests.xctest; sourceTree = BUILT_PRODUCTS_DIR; };
		ACD5D1A222C9D1380066F3E2 /* firstprojectTests.swift */ = {isa = PBXFileReference; lastKnownFileType = sourcecode.swift; path = firstprojectTests.swift; sourceTree = "<group>"; };
		ACD5D1A422C9D1380066F3E2 /* Info.plist */ = {isa = PBXFileReference; lastKnownFileType = text.plist.xml; path = Info.plist; sourceTree = "<group>"; };
		ACD5D1A922C9D1380066F3E2 /* firstprojectUITests.xctest */ = {isa = PBXFileReference; explicitFileType = wrapper.cfbundle; includeInIndex = 0; path = firstprojectUITests.xctest; sourceTree = BUILT_PRODUCTS_DIR; };
		ACD5D1AD22C9D1380066F3E2 /* firstprojectUITests.swift */ = {isa = PBXFileReference; lastKnownFileType = sourcecode.swift; path = firstprojectUITests.swift; sourceTree = "<group>"; };
		ACD5D1AF22C9D1380066F3E2 /* Info.plist */ = {isa = PBXFileReference; lastKnownFileType = text.plist.xml; path = Info.plist; sourceTree = "<group>"; };
/* End PBXFileReference section */

/* Begin PBXFrameworksBuildPhase section */
		ACD5D18722C9D1360066F3E2 /* Frameworks */ = {
			isa = PBXFrameworksBuildPhase;
			buildActionMask = 2147483647;
			files = (
			);
			runOnlyForDeploymentPostprocessing = 0;
		};
		ACD5D19B22C9D1380066F3E2 /* Frameworks */ = {
			isa = PBXFrameworksBuildPhase;
			buildActionMask = 2147483647;
			files = (
			);
			runOnlyForDeploymentPostprocessing = 0;
		};
		ACD5D1A622C9D1380066F3E2 /* Frameworks */ = {
			isa = PBXFrameworksBuildPhase;
			buildActionMask = 2147483647;
			files = (
			);
			runOnlyForDeploymentPostprocessing = 0;
		};
/* End PBXFrameworksBuildPhase section */

/* Begin PBXGroup section */
		ACD5D18122C9D1360066F3E2 = {
			isa = PBXGroup;
			children = (
				ACD5D18C22C9D1360066F3E2 /* firstproject */,
				ACD5D1A122C9D1380066F3E2 /* firstprojectTests */,
				ACD5D1AC22C9D1380066F3E2 /* firstprojectUITests */,
				ACD5D18B22C9D1360066F3E2 /* Products */,
			);
			sourceTree = "<group>";
		};
		ACD5D18B22C9D1360066F3E2 /* Products */ = {
			isa = PBXGroup;
			children = (
				ACD5D18A22C9D1360066F3E2 /* firstproject.app */,
				ACD5D19E22C9D1380066F3E2 /* firstprojectTests.xctest */,
				ACD5D1A922C9D1380066F3E2 /* firstprojectUITests.xctest */,
			);
			name = Products;
			sourceTree = "<group>";
		};
		ACD5D18C22C9D1360066F3E2 /* firstproject */ = {
			isa = PBXGroup;
			children = (
				ACD5D18D22C9D1360066F3E2 /* AppDelegate.swift */,
				ACD5D18F22C9D1360066F3E2 /* ViewController.swift */,
				ACD5D19122C9D1360066F3E2 /* Main.storyboard */,
				ACD5D19422C9D1380066F3E2 /* Assets.xcassets */,
				ACD5D19622C9D1380066F3E2 /* LaunchScreen.storyboard */,
				ACD5D19922C9D1380066F3E2 /* Info.plist */,
			);
			path = firstproject;
			sourceTree = "<group>";
		};
		ACD5D1A122C9D1380066F3E2 /* firstprojectTests */ = {
			isa = PBXGroup;
			children = (
				ACD5D1A222C9D1380066F3E2 /* firstprojectTests.swift */,
				ACD5D1A422C9D1380066F3E2 /* Info.plist */,
			);
			path = firstprojectTests;
			sourceTree = "<group>";
		};
		ACD5D1AC22C9D1380066F3E2 /* firstprojectUITests */ = {
			isa = PBXGroup;
			children = (
				ACD5D1AD22C9D1380066F3E2 /* firstprojectUITests.swift */,
				ACD5D1AF22C9D1380066F3E2 /* Info.plist */,
			);
			path = firstprojectUITests;
			sourceTree = "<group>";
		};
/* End PBXGroup section */

/* Begin PBXNativeTarget section */
		ACD5D18922C9D1360066F3E2 /* firstproject */ = {
			isa = PBXNativeTarget;
			buildConfigurationList = ACD5D1B222C9D1380066F3E2 /* Build configuration list for PBXNativeTarget "firstproject" */;
			buildPhases = (
				ACD5D18622C9D1360066F3E2 /* Sources */,
				ACD5D18722C9D1360066F3E2 /* Frameworks */,
				ACD5D18822C9D1360066F3E2 /* Resources */,
			);
			buildRules = (
			);
			dependencies = (
			);
			name = firstproject;
			productName = firstproject;
			productReference = ACD5D18A22C9D1360066F3E2 /* firstproject.app */;
			productType = "com.apple.product-type.application";
		};
		ACD5D19D22C9D1380066F3E2 /* firstprojectTests */ = {
			isa = PBXNativeTarget;
			buildConfigurationList = ACD5D1B522C9D1380066F3E2 /* Build configuration list for PBXNativeTarget "firstprojectTests" */;
			buildPhases = (
				ACD5D19A22C9D1380066F3E2 /* Sources */,
				ACD5D19B22C9D1380066F3E2 /* Frameworks */,
				ACD5D19C22C9D1380066F3E2 /* Resources */,
			);
			buildRules = (
			);
			dependencies = (
				ACD5D1A022C9D1380066F3E2 /* PBXTargetDependency */,
			);
			name = firstprojectTests;
			productName = firstprojectTests;
			productReference = ACD5D19E22C9D1380066F3E2 /* firstprojectTests.xctest */;
			productType = "com.apple.product-type.bundle.unit-test";
		};
		ACD5D1A822C9D1380066F3E2 /* firstprojectUITests */ = {
			isa = PBXNativeTarget;
			buildConfigurationList = ACD5D1B822C9D1380066F3E2 /* Build configuration list for PBXNativeTarget "firstprojectUITests" */;
			buildPhases = (
				ACD5D1A522C9D1380066F3E2 /* Sources */,
				ACD5D1A622C9D1380066F3E2 /* Frameworks */,
				ACD5D1A722C9D1380066F3E2 /* Resources */,
			);
			buildRules = (
			);
			dependencies = (
				ACD5D1AB22C9D1380066F3E2 /* PBXTargetDependency */,
			);
			name = firstprojectUITests;
			productName = firstprojectUITests;
			productReference = ACD5D1A922C9D1380066F3E2 /* firstprojectUITests.xctest */;
			productType = "com.apple.product-type.bundle.ui-testing";
		};
/* End PBXNativeTarget section */

/* Begin PBXProject section */
		ACD5D18222C9D1360066F3E2 /* Project object */ = {
			isa = PBXProject;
			attributes = {
				LastSwiftUpdateCheck = 1020;
				LastUpgradeCheck = 1020;
				ORGANIZATIONNAME = "Olzhas Akhmetov";
				TargetAttributes = {
					ACD5D18922C9D1360066F3E2 = {
						CreatedOnToolsVersion = 10.2.1;
					};
					ACD5D19D22C9D1380066F3E2 = {
						CreatedOnToolsVersion = 10.2.1;
						TestTargetID = ACD5D18922C9D1360066F3E2;
					};
					ACD5D1A822C9D1380066F3E2 = {
						CreatedOnToolsVersion = 10.2.1;
						TestTargetID = ACD5D18922C9D1360066F3E2;
					};
				};
			};
			buildConfigurationList = ACD5D18522C9D1360066F3E2 /* Build configuration list for PBXProject "firstproject" */;
			compatibilityVersion = "Xcode 9.3";
			developmentRegion = en;
			hasScannedForEncodings = 0;
			knownRegions = (
				en,
				Base,
			);
			mainGroup = ACD5D18122C9D1360066F3E2;
			productRefGroup = ACD5D18B22C9D1360066F3E2 /* Products */;
			projectDirPath = "";
			projectRoot = "";
			targets = (
				ACD5D18922C9D1360066F3E2 /* firstproject */,
				ACD5D19D22C9D1380066F3E2 /* firstprojectTests */,
				ACD5D1A822C9D1380066F3E2 /* firstprojectUITests */,
			);
		};
/* End PBXProject section */

/* Begin PBXResourcesBuildPhase section */
		ACD5D18822C9D1360066F3E2 /* Resources */ = {
			isa = PBXResourcesBuildPhase;
			buildActionMask = 2147483647;
			files = (
				ACD5D19822C9D1380066F3E2 /* LaunchScreen.storyboard in Resources */,
				ACD5D19522C9D1380066F3E2 /* Assets.xcassets in Resources */,
				ACD5D19322C9D1360066F3E2 /* Main.storyboard in Resources */,
			);
			runOnlyForDeploymentPostprocessing = 0;
		};
		ACD5D19C22C9D1380066F3E2 /* Resources */ = {
			isa = PBXResourcesBuildPhase;
			buildActionMask = 2147483647;
			files = (
			);
			runOnlyForDeploymentPostprocessing = 0;
		};
		ACD5D1A722C9D1380066F3E2 /* Resources */ = {
			isa = PBXResourcesBuildPhase;
			buildActionMask = 2147483647;
			files = (
			);
			runOnlyForDeploymentPostprocessing = 0;
		};
/* End PBXResourcesBuildPhase section */

/* Begin PBXSourcesBuildPhase section */
		ACD5D18622C9D1360066F3E2 /* Sources */ = {
			isa = PBXSourcesBuildPhase;
			buildActionMask = 2147483647;
			files = (
				ACD5D19022C9D1360066F3E2 /* ViewController.swift in Sources */,
				ACD5D18E22C9D1360066F3E2 /* AppDelegate.swift in Sources */,
			);
			runOnlyForDeploymentPostprocessing = 0;
		};
		ACD5D19A22C9D1380066F3E2 /* Sources */ = {
			isa = PBXSourcesBuildPhase;
			buildActionMask = 2147483647;
			files = (
				ACD5D1A322C9D1380066F3E2 /* firstprojectTests.swift in Sources */,
			);
			runOnlyForDeploymentPostprocessing = 0;
		};
		ACD5D1A522C9D1380066F3E2 /* Sources */ = {
			isa = PBXSourcesBuildPhase;
			buildActionMask = 2147483647;
			files = (
				ACD5D1AE22C9D1380066F3E2 /* firstprojectUITests.swift in Sources */,
			);
			runOnlyForDeploymentPostprocessing = 0;
		};
/* End PBXSourcesBuildPhase section */

/* Begin PBXTargetDependency section */
		ACD5D1A022C9D1380066F3E2 /* PBXTargetDependency */ = {
			isa = PBXTargetDependency;
			target = ACD5D18922C9D1360066F3E2 /* firstproject */;
			targetProxy = ACD5D19F22C9D1380066F3E2 /* PBXContainerItemProxy */;
		};
		ACD5D1AB22C9D1380066F3E2 /* PBXTargetDependency */ = {
			isa = PBXTargetDependency;
			target = ACD5D18922C9D1360066F3E2 /* firstproject */;
			targetProxy = ACD5D1AA22C9D1380066F3E2 /* PBXContainerItemProxy */;
		};
/* End PBXTargetDependency section */

/* Begin PBXVariantGroup section */
		ACD5D19122C9D1360066F3E2 /* Main.storyboard */ = {
			isa = PBXVariantGroup;
			children = (
				ACD5D19222C9D1360066F3E2 /* Base */,
			);
			name = Main.storyboard;
			sourceTree = "<group>";
		};
		ACD5D19622C9D1380066F3E2 /* LaunchScreen.storyboard */ = {
			isa = PBXVariantGroup;
			children = (
				ACD5D19722C9D1380066F3E2 /* Base */,
			);
			name = LaunchScreen.storyboard;
			sourceTree = "<group>";
		};
/* End PBXVariantGroup section */

/* Begin XCBuildConfiguration section */
		ACD5D1B022C9D1380066F3E2 /* Debug */ = {
			isa = XCBuildConfiguration;
			buildSettings = {
				ALWAYS_SEARCH_USER_PATHS = NO;
				CLANG_ANALYZER_NONNULL = YES;
				CLANG_ANALYZER_NUMBER_OBJECT_CONVERSION = YES_AGGRESSIVE;
				CLANG_CXX_LANGUAGE_STANDARD = "gnu++14";
				CLANG_CXX_LIBRARY = "libc++";
				CLANG_ENABLE_MODULES = YES;
				CLANG_ENABLE_OBJC_ARC = YES;
				CLANG_ENABLE_OBJC_WEAK = YES;
				CLANG_WARN_BLOCK_CAPTURE_AUTORELEASING = YES;
				CLANG_WARN_BOOL_CONVERSION = YES;
				CLANG_WARN_COMMA = YES;
				CLANG_WARN_CONSTANT_CONVERSION = YES;
				CLANG_WARN_DEPRECATED_OBJC_IMPLEMENTATIONS = YES;
				CLANG_WARN_DIRECT_OBJC_ISA_USAGE = YES_ERROR;
				CLANG_WARN_DOCUMENTATION_COMMENTS = YES;
				CLANG_WARN_EMPTY_BODY = YES;
				CLANG_WARN_ENUM_CONVERSION = YES;
				CLANG_WARN_INFINITE_RECURSION = YES;
				CLANG_WARN_INT_CONVERSION = YES;
				CLANG_WARN_NON_LITERAL_NULL_CONVERSION = YES;
				CLANG_WARN_OBJC_IMPLICIT_RETAIN_SELF = YES;
				CLANG_WARN_OBJC_LITERAL_CONVERSION = YES;
				CLANG_WARN_OBJC_ROOT_CLASS = YES_ERROR;
				CLANG_WARN_RANGE_LOOP_ANALYSIS = YES;
				CLANG_WARN_STRICT_PROTOTYPES = YES;
				CLANG_WARN_SUSPICIOUS_MOVE = YES;
				CLANG_WARN_UNGUARDED_AVAILABILITY = YES_AGGRESSIVE;
				CLANG_WARN_UNREACHABLE_CODE = YES;
				CLANG_WARN__DUPLICATE_METHOD_MATCH = YES;
				CODE_SIGN_IDENTITY = "iPhone Developer";
				COPY_PHASE_STRIP = NO;
				DEBUG_INFORMATION_FORMAT = dwarf;
				ENABLE_STRICT_OBJC_MSGSEND = YES;
				ENABLE_TESTABILITY = YES;
				GCC_C_LANGUAGE_STANDARD = gnu11;
				GCC_DYNAMIC_NO_PIC = NO;
				GCC_NO_COMMON_BLOCKS = YES;
				GCC_OPTIMIZATION_LEVEL = 0;
				GCC_PREPROCESSOR_DEFINITIONS = (
					"DEBUG=1",
					"$(inherited)",
				);
				GCC_WARN_64_TO_32_BIT_CONVERSION = YES;
				GCC_WARN_ABOUT_RETURN_TYPE = YES_ERROR;
				GCC_WARN_UNDECLARED_SELECTOR = YES;
				GCC_WARN_UNINITIALIZED_AUTOS = YES_AGGRESSIVE;
				GCC_WARN_UNUSED_FUNCTION = YES;
				GCC_WARN_UNUSED_VARIABLE = YES;
				IPHONEOS_DEPLOYMENT_TARGET = 12.2;
				MTL_ENABLE_DEBUG_INFO = INCLUDE_SOURCE;
				MTL_FAST_MATH = YES;
				ONLY_ACTIVE_ARCH = YES;
				SDKROOT = iphoneos;
				SWIFT_ACTIVE_COMPILATION_CONDITIONS = DEBUG;
				SWIFT_OPTIMIZATION_LEVEL = "-Onone";
			};
			name = Debug;
		};
		ACD5D1B122C9D1380066F3E2 /* Release */ = {
			isa = XCBuildConfiguration;
			buildSettings = {
				ALWAYS_SEARCH_USER_PATHS = NO;
				CLANG_ANALYZER_NONNULL = YES;
				CLANG_ANALYZER_NUMBER_OBJECT_CONVERSION = YES_AGGRESSIVE;
				CLANG_CXX_LANGUAGE_STANDARD = "gnu++14";
				CLANG_CXX_LIBRARY = "libc++";
				CLANG_ENABLE_MODULES = YES;
				CLANG_ENABLE_OBJC_ARC = YES;
				CLANG_ENABLE_OBJC_WEAK = YES;
				CLANG_WARN_BLOCK_CAPTURE_AUTORELEASING = YES;
				CLANG_WARN_BOOL_CONVERSION = YES;
				CLANG_WARN_COMMA = YES;
				CLANG_WARN_CONSTANT_CONVERSION = YES;
				CLANG_WARN_DEPRECATED_OBJC_IMPLEMENTATIONS = YES;
				CLANG_WARN_DIRECT_OBJC_ISA_USAGE = YES_ERROR;
				CLANG_WARN_DOCUMENTATION_COMMENTS = YES;
				CLANG_WARN_EMPTY_BODY = YES;
				CLANG_WARN_ENUM_CONVERSION = YES;
				CLANG_WARN_INFINITE_RECURSION = YES;
				CLANG_WARN_INT_CONVERSION = YES;
				CLANG_WARN_NON_LITERAL_NULL_CONVERSION = YES;
				CLANG_WARN_OBJC_IMPLICIT_RETAIN_SELF = YES;
				CLANG_WARN_OBJC_LITERAL_CONVERSION = YES;
				CLANG_WARN_OBJC_ROOT_CLASS = YES_ERROR;
				CLANG_WARN_RANGE_LOOP_ANALYSIS = YES;
				CLANG_WARN_STRICT_PROTOTYPES = YES;
				CLANG_WARN_SUSPICIOUS_MOVE = YES;
				CLANG_WARN_UNGUARDED_AVAILABILITY = YES_AGGRESSIVE;
				CLANG_WARN_UNREACHABLE_CODE = YES;
				CLANG_WARN__DUPLICATE_METHOD_MATCH = YES;
				CODE_SIGN_IDENTITY = "iPhone Developer";
				COPY_PHASE_STRIP = NO;
				DEBUG_INFORMATION_FORMAT = "dwarf-with-dsym";
				ENABLE_NS_ASSERTIONS = NO;
				ENABLE_STRICT_OBJC_MSGSEND = YES;
				GCC_C_LANGUAGE_STANDARD = gnu11;
				GCC_NO_COMMON_BLOCKS = YES;
				GCC_WARN_64_TO_32_BIT_CONVERSION = YES;
				GCC_WARN_ABOUT_RETURN_TYPE = YES_ERROR;
				GCC_WARN_UNDECLARED_SELECTOR = YES;
				GCC_WARN_UNINITIALIZED_AUTOS = YES_AGGRESSIVE;
				GCC_WARN_UNUSED_FUNCTION = YES;
				GCC_WARN_UNUSED_VARIABLE = YES;
				IPHONEOS_DEPLOYMENT_TARGET = 12.2;
				MTL_ENABLE_DEBUG_INFO = NO;
				MTL_FAST_MATH = YES;
				SDKROOT = iphoneos;
				SWIFT_COMPILATION_MODE = wholemodule;
				SWIFT_OPTIMIZATION_LEVEL = "-O";
				VALIDATE_PRODUCT = YES;
			};
			name = Release;
		};
		ACD5D1B322C9D1380066F3E2 /* Debug */ = {
			isa = XCBuildConfiguration;
			buildSettings = {
				ASSETCATALOG_COMPILER_APPICON_NAME = AppIcon;
				CODE_SIGN_STYLE = Automatic;
				INFOPLIST_FILE = firstproject/Info.plist;
				LD_RUNPATH_SEARCH_PATHS = (
					"$(inherited)",
					"@executable_path/Frameworks",
				);
				PRODUCT_BUNDLE_IDENTIFIER = kz.method.firstproject;
				PRODUCT_NAME = "$(TARGET_NAME)";
				SWIFT_VERSION = 5.0;
				TARGETED_DEVICE_FAMILY = "1,2";
			};
			name = Debug;
		};
		ACD5D1B422C9D1380066F3E2 /* Release */ = {
			isa = XCBuildConfiguration;
			buildSettings = {
				ASSETCATALOG_COMPILER_APPICON_NAME = AppIcon;
				CODE_SIGN_STYLE = Automatic;
				INFOPLIST_FILE = firstproject/Info.plist;
				LD_RUNPATH_SEARCH_PATHS = (
					"$(inherited)",
					"@executable_path/Frameworks",
				);
				PRODUCT_BUNDLE_IDENTIFIER = kz.method.firstproject;
				PRODUCT_NAME = "$(TARGET_NAME)";
				SWIFT_VERSION = 5.0;
				TARGETED_DEVICE_FAMILY = "1,2";
			};
			name = Release;
		};
		ACD5D1B622C9D1380066F3E2 /* Debug */ = {
			isa = XCBuildConfiguration;
			buildSettings = {
				ALWAYS_EMBED_SWIFT_STANDARD_LIBRARIES = YES;
				BUNDLE_LOADER = "$(TEST_HOST)";
				CODE_SIGN_STYLE = Automatic;
				INFOPLIST_FILE = firstprojectTests/Info.plist;
				LD_RUNPATH_SEARCH_PATHS = (
					"$(inherited)",
					"@executable_path/Frameworks",
					"@loader_path/Frameworks",
				);
				PRODUCT_BUNDLE_IDENTIFIER = kz.method.firstprojectTests;
				PRODUCT_NAME = "$(TARGET_NAME)";
				SWIFT_VERSION = 5.0;
				TARGETED_DEVICE_FAMILY = "1,2";
				TEST_HOST = "$(BUILT_PRODUCTS_DIR)/firstproject.app/firstproject";
			};
			name = Debug;
		};
		ACD5D1B722C9D1380066F3E2 /* Release */ = {
			isa = XCBuildConfiguration;
			buildSettings = {
				ALWAYS_EMBED_SWIFT_STANDARD_LIBRARIES = YES;
				BUNDLE_LOADER = "$(TEST_HOST)";
				CODE_SIGN_STYLE = Automatic;
				INFOPLIST_FILE = firstprojectTests/Info.plist;
				LD_RUNPATH_SEARCH_PATHS = (
					"$(inherited)",
					"@executable_path/Frameworks",
					"@loader_path/Frameworks",
				);
				PRODUCT_BUNDLE_IDENTIFIER = kz.method.firstprojectTests;
				PRODUCT_NAME = "$(TARGET_NAME)";
				SWIFT_VERSION = 5.0;
				TARGETED_DEVICE_FAMILY = "1,2";
				TEST_HOST = "$(BUILT_PRODUCTS_DIR)/firstproject.app/firstproject";
			};
			name = Release;
		};
		ACD5D1B922C9D1380066F3E2 /* Debug */ = {
			isa = XCBuildConfiguration;
			buildSettings = {
				ALWAYS_EMBED_SWIFT_STANDARD_LIBRARIES = YES;
				CODE_SIGN_STYLE = Automatic;
				INFOPLIST_FILE = firstprojectUITests/Info.plist;
				LD_RUNPATH_SEARCH_PATHS = (
					"$(inherited)",
					"@executable_path/Frameworks",
					"@loader_path/Frameworks",
				);
				PRODUCT_BUNDLE_IDENTIFIER = kz.method.firstprojectUITests;
				PRODUCT_NAME = "$(TARGET_NAME)";
				SWIFT_VERSION = 5.0;
				TARGETED_DEVICE_FAMILY = "1,2";
				TEST_TARGET_NAME = firstproject;
			};
			name = Debug;
		};
		ACD5D1BA22C9D1380066F3E2 /* Release */ = {
			isa = XCBuildConfiguration;
			buildSettings = {
				ALWAYS_EMBED_SWIFT_STANDARD_LIBRARIES = YES;
				CODE_SIGN_STYLE = Automatic;
				INFOPLIST_FILE = firstprojectUITests/Info.plist;
				LD_RUNPATH_SEARCH_PATHS = (
					"$(inherited)",
					"@executable_path/Frameworks",
					"@loader_path/Frameworks",
				);
				PRODUCT_BUNDLE_IDENTIFIER = kz.method.firstprojectUITests;
				PRODUCT_NAME = "$(TARGET_NAME)";
				SWIFT_VERSION = 5.0;
				TARGETED_DEVICE_FAMILY = "1,2";
				TEST_TARGET_NAME = firstproject;
			};
			name = Release;
		};
/* End XCBuildConfiguration section */

/* Begin XCConfigurationList section */
		ACD5D18522C9D1360066F3E2 /* Build configuration list for PBXProject "firstproject" */ = {
			isa = XCConfigurationList;
			buildConfigurations = (
				ACD5D1B022C9D1380066F3E2 /* Debug */,
				ACD5D1B122C9D1380066F3E2 /* Release */,
			);
			defaultConfigurationIsVisible = 0;
			defaultConfigurationName = Release;
		};
		ACD5D1B222C9D1380066F3E2 /* Build configuration list for PBXNativeTarget "firstproject" */ = {
			isa = XCConfigurationList;
			buildConfigurations = (
				ACD5D1B322C9D1380066F3E2 /* Debug */,
				ACD5D1B422C9D1380066F3E2 /* Release */,
			);
			defaultConfigurationIsVisible = 0;
			defaultConfigurationName = Release;
		};
		ACD5D1B522C9D1380066F3E2 /* Build configuration list for PBXNativeTarget "firstprojectTests" */ = {
			isa = XCConfigurationList;
			buildConfigurations = (
				ACD5D1B622C9D1380066F3E2 /* Debug */,
				ACD5D1B722C9D1380066F3E2 /* Release */,
			);
			defaultConfigurationIsVisible = 0;
			defaultConfigurationName = Release;
		};
		ACD5D1B822C9D1380066F3E2 /* Build configuration list for PBXNativeTarget "firstprojectUITests" */ = {
			isa = XCConfigurationList;
			buildConfigurations = (
				ACD5D1B922C9D1380066F3E2 /* Debug */,
				ACD5D1BA22C9D1380066F3E2 /* Release */,
			);
			defaultConfigurationIsVisible = 0;
			defaultConfigurationName = Release;
		};
/* End XCConfigurationList section */
	};
	rootObject = ACD5D18222C9D1360066F3E2 /* Project object */;
}
